// !$*UTF8*$!
{
	archiveVersion = 1;
	classes = {
	};
	objectVersion = 46;
	objects = {

/* Begin PBXBuildFile section */
		3F3B11C41DA7F5E8008D2E1A /* main.mm in Sources */ = {isa = PBXBuildFile; fileRef = 3F3B11C31DA7F5E8008D2E1A /* main.mm */; };
		3F3B11D51DA7F608008D2E1A /* sh2.c in Sources */ = {isa = PBXBuildFile; fileRef = 3F3B11D21DA7F5FC008D2E1A /* sh2.c */; };
		3F3B11D81DA7F612008D2E1A /* sh2pico.c in Sources */ = {isa = PBXBuildFile; fileRef = 3F3B11D11DA7F5FC008D2E1A /* sh2pico.c */; };
		3F54F2411DA9B4040067CA5C /* sh2dasm.c in Sources */ = {isa = PBXBuildFile; fileRef = 3F3B11CF1DA7F5FC008D2E1A /* sh2dasm.c */; };
/* End PBXBuildFile section */

/* Begin PBXCopyFilesBuildPhase section */
		3F3B11BE1DA7F5E8008D2E1A /* CopyFiles */ = {
			isa = PBXCopyFilesBuildPhase;
			buildActionMask = 2147483647;
			dstPath = /usr/share/man/man1/;
			dstSubfolderSpec = 0;
			files = (
			);
			runOnlyForDeploymentPostprocessing = 1;
		};
/* End PBXCopyFilesBuildPhase section */

/* Begin PBXFileReference section */
		3F3B11C01DA7F5E8008D2E1A /* sh2 */ = {isa = PBXFileReference; explicitFileType = "compiled.mach-o.executable"; includeInIndex = 0; path = sh2; sourceTree = BUILT_PRODUCTS_DIR; };
		3F3B11C31DA7F5E8008D2E1A /* main.mm */ = {isa = PBXFileReference; lastKnownFileType = sourcecode.cpp.objcpp; path = main.mm; sourceTree = "<group>"; };
		3F3B11CE1DA7F5FC008D2E1A /* sh2.c */ = {isa = PBXFileReference; lastKnownFileType = sourcecode.c.c; path = sh2.c; sourceTree = "<group>"; };
		3F3B11CF1DA7F5FC008D2E1A /* sh2dasm.c */ = {isa = PBXFileReference; lastKnownFileType = sourcecode.c.c; path = sh2dasm.c; sourceTree = "<group>"; };
		3F3B11D01DA7F5FC008D2E1A /* sh2dasm.h */ = {isa = PBXFileReference; lastKnownFileType = sourcecode.c.h; path = sh2dasm.h; sourceTree = "<group>"; };
		3F3B11D11DA7F5FC008D2E1A /* sh2pico.c */ = {isa = PBXFileReference; lastKnownFileType = sourcecode.c.c; path = sh2pico.c; sourceTree = "<group>"; };
		3F3B11D21DA7F5FC008D2E1A /* sh2.c */ = {isa = PBXFileReference; lastKnownFileType = sourcecode.c.c; path = sh2.c; sourceTree = "<group>"; };
		3F3B11D31DA7F5FC008D2E1A /* sh2.h */ = {isa = PBXFileReference; lastKnownFileType = sourcecode.c.h; path = sh2.h; sourceTree = "<group>"; };
		3F3B11DA1DA7F6A6008D2E1A /* debug.h */ = {isa = PBXFileReference; lastKnownFileType = sourcecode.c.h; path = debug.h; sourceTree = "<group>"; };
		3F3B11E21DA7FB81008D2E1A /* memory.c */ = {isa = PBXFileReference; fileEncoding = 4; lastKnownFileType = sourcecode.c.c; path = memory.c; sourceTree = "<group>"; };
		3F4B16862043722B000043AF /* scu_init_script.h */ = {isa = PBXFileReference; lastKnownFileType = sourcecode.c.h; path = scu_init_script.h; sourceTree = "<group>"; };
		3F54F23F1DA9A73B0067CA5C /* memory-32.c */ = {isa = PBXFileReference; fileEncoding = 4; lastKnownFileType = sourcecode.c.c; path = "memory-32.c"; sourceTree = "<group>"; };
/* End PBXFileReference section */

/* Begin PBXFrameworksBuildPhase section */
		3F3B11BD1DA7F5E8008D2E1A /* Frameworks */ = {
			isa = PBXFrameworksBuildPhase;
			buildActionMask = 2147483647;
			files = (
			);
			runOnlyForDeploymentPostprocessing = 0;
		};
/* End PBXFrameworksBuildPhase section */

/* Begin PBXGroup section */
		3F3B11B71DA7F5E8008D2E1A = {
			isa = PBXGroup;
			children = (
				3F3B11C21DA7F5E8008D2E1A /* sh2 */,
				3F3B11C11DA7F5E8008D2E1A /* Products */,
			);
			sourceTree = "<group>";
		};
		3F3B11C11DA7F5E8008D2E1A /* Products */ = {
			isa = PBXGroup;
			children = (
				3F3B11C01DA7F5E8008D2E1A /* sh2 */,
			);
			name = Products;
			sourceTree = "<group>";
		};
		3F3B11C21DA7F5E8008D2E1A /* sh2 */ = {
			isa = PBXGroup;
			children = (
				3F3B11CA1DA7F5FC008D2E1A /* sh2 */,
				3F3B11C31DA7F5E8008D2E1A /* main.mm */,
				3F4B16862043722B000043AF /* scu_init_script.h */,
				3F3B11DA1DA7F6A6008D2E1A /* debug.h */,
				3F3B11E21DA7FB81008D2E1A /* memory.c */,
				3F54F23F1DA9A73B0067CA5C /* memory-32.c */,
			);
			path = sh2;
			sourceTree = "<group>";
		};
		3F3B11CA1DA7F5FC008D2E1A /* sh2 */ = {
			isa = PBXGroup;
			children = (
				3F3B11CD1DA7F5FC008D2E1A /* mame */,
				3F3B11D21DA7F5FC008D2E1A /* sh2.c */,
				3F3B11D31DA7F5FC008D2E1A /* sh2.h */,
			);
			path = sh2;
			sourceTree = "<group>";
		};
		3F3B11CD1DA7F5FC008D2E1A /* mame */ = {
			isa = PBXGroup;
			children = (
				3F3B11CE1DA7F5FC008D2E1A /* sh2.c */,
				3F3B11CF1DA7F5FC008D2E1A /* sh2dasm.c */,
				3F3B11D01DA7F5FC008D2E1A /* sh2dasm.h */,
				3F3B11D11DA7F5FC008D2E1A /* sh2pico.c */,
			);
			path = mame;
			sourceTree = "<group>";
		};
/* End PBXGroup section */

/* Begin PBXNativeTarget section */
		3F3B11BF1DA7F5E8008D2E1A /* sh2 */ = {
			isa = PBXNativeTarget;
			buildConfigurationList = 3F3B11C71DA7F5E8008D2E1A /* Build configuration list for PBXNativeTarget "sh2" */;
			buildPhases = (
				3F3B11BC1DA7F5E8008D2E1A /* Sources */,
				3F3B11BD1DA7F5E8008D2E1A /* Frameworks */,
				3F3B11BE1DA7F5E8008D2E1A /* CopyFiles */,
			);
			buildRules = (
			);
			dependencies = (
			);
			name = sh2;
			productName = sh2;
			productReference = 3F3B11C01DA7F5E8008D2E1A /* sh2 */;
			productType = "com.apple.product-type.tool";
		};
/* End PBXNativeTarget section */

/* Begin PBXProject section */
		3F3B11B81DA7F5E8008D2E1A /* Project object */ = {
			isa = PBXProject;
			attributes = {
				LastUpgradeCheck = 0920;
				ORGANIZATIONNAME = "Antonio Malara";
				TargetAttributes = {
					3F3B11BF1DA7F5E8008D2E1A = {
						CreatedOnToolsVersion = 8.0;
						ProvisioningStyle = Automatic;
					};
				};
			};
			buildConfigurationList = 3F3B11BB1DA7F5E8008D2E1A /* Build configuration list for PBXProject "sh2" */;
			compatibilityVersion = "Xcode 3.2";
			developmentRegion = English;
			hasScannedForEncodings = 0;
			knownRegions = (
				en,
			);
			mainGroup = 3F3B11B71DA7F5E8008D2E1A;
			productRefGroup = 3F3B11C11DA7F5E8008D2E1A /* Products */;
			projectDirPath = "";
			projectRoot = "";
			targets = (
				3F3B11BF1DA7F5E8008D2E1A /* sh2 */,
			);
		};
/* End PBXProject section */

/* Begin PBXSourcesBuildPhase section */
		3F3B11BC1DA7F5E8008D2E1A /* Sources */ = {
			isa = PBXSourcesBuildPhase;
			buildActionMask = 2147483647;
			files = (
				3F54F2411DA9B4040067CA5C /* sh2dasm.c in Sources */,
				3F3B11D51DA7F608008D2E1A /* sh2.c in Sources */,
				3F3B11C41DA7F5E8008D2E1A /* main.mm in Sources */,
				3F3B11D81DA7F612008D2E1A /* sh2pico.c in Sources */,
			);
			runOnlyForDeploymentPostprocessing = 0;
		};
/* End PBXSourcesBuildPhase section */

/* Begin XCBuildConfiguration section */
		3F3B11C51DA7F5E8008D2E1A /* Debug */ = {
			isa = XCBuildConfiguration;
			buildSettings = {
				ALWAYS_SEARCH_USER_PATHS = NO;
				CLANG_ANALYZER_NONNULL = YES;
				CLANG_CXX_LANGUAGE_STANDARD = "gnu++17";
				CLANG_CXX_LIBRARY = "libc++";
				CLANG_ENABLE_MODULES = YES;
				CLANG_ENABLE_OBJC_ARC = YES;
				CLANG_WARN_BLOCK_CAPTURE_AUTORELEASING = YES;
				CLANG_WARN_BOOL_CONVERSION = YES;
				CLANG_WARN_COMMA = YES;
				CLANG_WARN_CONSTANT_CONVERSION = YES;
				CLANG_WARN_DIRECT_OBJC_ISA_USAGE = YES_ERROR;
				CLANG_WARN_DOCUMENTATION_COMMENTS = YES;
				CLANG_WARN_EMPTY_BODY = YES;
				CLANG_WARN_ENUM_CONVERSION = YES;
				CLANG_WARN_INFINITE_RECURSION = YES;
				CLANG_WARN_INT_CONVERSION = YES;
				CLANG_WARN_NON_LITERAL_NULL_CONVERSION = YES;
				CLANG_WARN_OBJC_LITERAL_CONVERSION = YES;
				CLANG_WARN_OBJC_ROOT_CLASS = YES_ERROR;
				CLANG_WARN_RANGE_LOOP_ANALYSIS = YES;
				CLANG_WARN_STRICT_PROTOTYPES = YES;
				CLANG_WARN_SUSPICIOUS_MOVE = YES;
				CLANG_WARN_SUSPICIOUS_MOVES = YES;
				CLANG_WARN_UNREACHABLE_CODE = YES;
				CLANG_WARN__DUPLICATE_METHOD_MATCH = YES;
				CODE_SIGN_IDENTITY = "-";
				COPY_PHASE_STRIP = NO;
				DEBUG_INFORMATION_FORMAT = dwarf;
				ENABLE_STRICT_OBJC_MSGSEND = YES;
				ENABLE_TESTABILITY = YES;
				GCC_C_LANGUAGE_STANDARD = gnu99;
				GCC_DYNAMIC_NO_PIC = NO;
				GCC_NO_COMMON_BLOCKS = YES;
				GCC_OPTIMIZATION_LEVEL = 0;
				GCC_PREPROCESSOR_DEFINITIONS = (
					"DEBUG=1",
					"$(inherited)",
				);
				GCC_WARN_64_TO_32_BIT_CONVERSION = YES;
				GCC_WARN_ABOUT_RETURN_TYPE = YES_ERROR;
				GCC_WARN_UNDECLARED_SELECTOR = YES;
				GCC_WARN_UNINITIALIZED_AUTOS = YES_AGGRESSIVE;
				GCC_WARN_UNUSED_FUNCTION = YES;
				GCC_WARN_UNUSED_VARIABLE = YES;
				MACOSX_DEPLOYMENT_TARGET = 10.11;
				MTL_ENABLE_DEBUG_INFO = YES;
				ONLY_ACTIVE_ARCH = YES;
				SDKROOT = macosx;
			};
			name = Debug;
		};
		3F3B11C61DA7F5E8008D2E1A /* Release */ = {
			isa = XCBuildConfiguration;
			buildSettings = {
				ALWAYS_SEARCH_USER_PATHS = NO;
				CLANG_ANALYZER_NONNULL = YES;
				CLANG_CXX_LANGUAGE_STANDARD = "gnu++17";
				CLANG_CXX_LIBRARY = "libc++";
				CLANG_ENABLE_MODULES = YES;
				CLANG_ENABLE_OBJC_ARC = YES;
				CLANG_WARN_BLOCK_CAPTURE_AUTORELEASING = YES;
				CLANG_WARN_BOOL_CONVERSION = YES;
				CLANG_WARN_COMMA = YES;
				CLANG_WARN_CONSTANT_CONVERSION = YES;
				CLANG_WARN_DIRECT_OBJC_ISA_USAGE = YES_ERROR;
				CLANG_WARN_DOCUMENTATION_COMMENTS = YES;
				CLANG_WARN_EMPTY_BODY = YES;
				CLANG_WARN_ENUM_CONVERSION = YES;
				CLANG_WARN_INFINITE_RECURSION = YES;
				CLANG_WARN_INT_CONVERSION = YES;
				CLANG_WARN_NON_LITERAL_NULL_CONVERSION = YES;
				CLANG_WARN_OBJC_LITERAL_CONVERSION = YES;
				CLANG_WARN_OBJC_ROOT_CLASS = YES_ERROR;
				CLANG_WARN_RANGE_LOOP_ANALYSIS = YES;
				CLANG_WARN_STRICT_PROTOTYPES = YES;
				CLANG_WARN_SUSPICIOUS_MOVE = YES;
				CLANG_WARN_SUSPICIOUS_MOVES = YES;
				CLANG_WARN_UNREACHABLE_CODE = YES;
				CLANG_WARN__DUPLICATE_METHOD_MATCH = YES;
				CODE_SIGN_IDENTITY = "-";
				COPY_PHASE_STRIP = NO;
				DEBUG_INFORMATION_FORMAT = "dwarf-with-dsym";
				ENABLE_NS_ASSERTIONS = NO;
				ENABLE_STRICT_OBJC_MSGSEND = YES;
				GCC_C_LANGUAGE_STANDARD = gnu99;
				GCC_NO_COMMON_BLOCKS = YES;
				GCC_WARN_64_TO_32_BIT_CONVERSION = YES;
				GCC_WARN_ABOUT_RETURN_TYPE = YES_ERROR;
				GCC_WARN_UNDECLARED_SELECTOR = YES;
				GCC_WARN_UNINITIALIZED_AUTOS = YES_AGGRESSIVE;
				GCC_WARN_UNUSED_FUNCTION = YES;
				GCC_WARN_UNUSED_VARIABLE = YES;
				MACOSX_DEPLOYMENT_TARGET = 10.11;
				MTL_ENABLE_DEBUG_INFO = NO;
				SDKROOT = macosx;
			};
			name = Release;
		};
		3F3B11C81DA7F5E8008D2E1A /* Debug */ = {
			isa = XCBuildConfiguration;
			buildSettings = {
				PRODUCT_NAME = "$(TARGET_NAME)";
			};
			name = Debug;
		};
		3F3B11C91DA7F5E8008D2E1A /* Release */ = {
			isa = XCBuildConfiguration;
			buildSettings = {
				PRODUCT_NAME = "$(TARGET_NAME)";
			};
			name = Release;
		};
/* End XCBuildConfiguration section */

/* Begin XCConfigurationList section */
		3F3B11BB1DA7F5E8008D2E1A /* Build configuration list for PBXProject "sh2" */ = {
			isa = XCConfigurationList;
			buildConfigurations = (
				3F3B11C51DA7F5E8008D2E1A /* Debug */,
				3F3B11C61DA7F5E8008D2E1A /* Release */,
			);
			defaultConfigurationIsVisible = 0;
			defaultConfigurationName = Release;
		};
		3F3B11C71DA7F5E8008D2E1A /* Build configuration list for PBXNativeTarget "sh2" */ = {
			isa = XCConfigurationList;
			buildConfigurations = (
				3F3B11C81DA7F5E8008D2E1A /* Debug */,
				3F3B11C91DA7F5E8008D2E1A /* Release */,
			);
			defaultConfigurationIsVisible = 0;
			defaultConfigurationName = Release;
		};
/* End XCConfigurationList section */
	};
	rootObject = 3F3B11B81DA7F5E8008D2E1A /* Project object */;
}
